
Microsoft Visual Studio Solution File, Format Version 12.00
# Visual Studio Version 16
VisualStudioVersion = 16.0.30517.126
MinimumVisualStudioVersion = 10.0.40219.1
Project("{FAE04EC0-301F-11D3-BF4B-00C04F79EFBC}") = "Mobile.Android", "Mobile\Mobile.Android\Mobile.Android.csproj", "{2DD0A491-A591-493D-983C-D94D0078E46E}"
EndProject
Project("{FAE04EC0-301F-11D3-BF4B-00C04F79EFBC}") = "Mobile", "Mobile\Mobile\Mobile.csproj", "{063C2A0B-8762-4D22-BCBB-15A6AA2E2AD7}"
EndProject
Global
	GlobalSection(SolutionConfigurationPlatforms) = preSolution
		Debug|Any CPU = Debug|Any CPU
		Release|Any CPU = Release|Any CPU
	EndGlobalSection
	GlobalSection(ProjectConfigurationPlatforms) = postSolution
		{2DD0A491-A591-493D-983C-D94D0078E46E}.Debug|Any CPU.ActiveCfg = Debug|Any CPU
		{2DD0A491-A591-493D-983C-D94D0078E46E}.Debug|Any CPU.Build.0 = Debug|Any CPU
		{2DD0A491-A591-493D-983C-D94D0078E46E}.Debug|Any CPU.Deploy.0 = Debug|Any CPU
		{2DD0A491-A591-493D-983C-D94D0078E46E}.Release|Any CPU.ActiveCfg = Release|Any CPU
		{2DD0A491-A591-493D-983C-D94D0078E46E}.Release|Any CPU.Build.0 = Release|Any CPU
		{2DD0A491-A591-493D-983C-D94D0078E46E}.Release|Any CPU.Deploy.0 = Release|Any CPU
		{063C2A0B-8762-4D22-BCBB-15A6AA2E2AD7}.Debug|Any CPU.ActiveCfg = Debug|Any CPU
		{063C2A0B-8762-4D22-BCBB-15A6AA2E2AD7}.Debug|Any CPU.Build.0 = Debug|Any CPU
		{063C2A0B-8762-4D22-BCBB-15A6AA2E2AD7}.Release|Any CPU.ActiveCfg = Release|Any CPU
		{063C2A0B-8762-4D22-BCBB-15A6AA2E2AD7}.Release|Any CPU.Build.0 = Release|Any CPU
	EndGlobalSection
	GlobalSection(SolutionProperties) = preSolution
		HideSolutionNode = FALSE
	EndGlobalSection
	GlobalSection(ExtensibilityGlobals) = postSolution
		SolutionGuid = {6B1B2FB9-8754-412C-9C56-3C70F14C0CD5}
	EndGlobalSection
EndGlobal
